
Microsoft Visual Studio Solution File, Format Version 12.00
# Visual Studio Version 17
VisualStudioVersion = 17.1.32421.90
MinimumVisualStudioVersion = 10.0.40219.1
Project("{9A19103F-16F7-4668-BE54-9A1E7A4F7556}") = "Data", "Data\Data.csproj", "{DDB1E28D-0B74-469E-ACE7-3D0040FFBF05}"
EndProject
Project("{9A19103F-16F7-4668-BE54-9A1E7A4F7556}") = "Infra", "Infra\Infra.csproj", "{595F7E5D-9D8C-4138-84DC-C292E85C5133}"
	ProjectSection(ProjectDependencies) = postProject
		{DDB1E28D-0B74-469E-ACE7-3D0040FFBF05} = {DDB1E28D-0B74-469E-ACE7-3D0040FFBF05}
	EndProjectSection
EndProject
Project("{9A19103F-16F7-4668-BE54-9A1E7A4F7556}") = "MVC", "MVC\MVC.csproj", "{8D24C411-525D-4B31-8FFC-893DB53902B6}"
EndProject
Project("{9A19103F-16F7-4668-BE54-9A1E7A4F7556}") = "API", "API\API.csproj", "{B06D7D26-D919-42CB-BD54-C9517DA57C4C}"
	ProjectSection(ProjectDependencies) = postProject
		{595F7E5D-9D8C-4138-84DC-C292E85C5133} = {595F7E5D-9D8C-4138-84DC-C292E85C5133}
		{DDB1E28D-0B74-469E-ACE7-3D0040FFBF05} = {DDB1E28D-0B74-469E-ACE7-3D0040FFBF05}
	EndProjectSection
EndProject
Project("{2150E333-8FDC-42A3-9474-1A3956D46DE8}") = "Solution Items", "Solution Items", "{FF2A8AB1-AF1D-461A-B97B-2590B10E0358}"
	ProjectSection(SolutionItems) = preProject
		.gitattributes = .gitattributes
	EndProjectSection
EndProject
Global
	GlobalSection(SolutionConfigurationPlatforms) = preSolution
		Debug|Any CPU = Debug|Any CPU
		Release|Any CPU = Release|Any CPU
	EndGlobalSection
	GlobalSection(ProjectConfigurationPlatforms) = postSolution
		{DDB1E28D-0B74-469E-ACE7-3D0040FFBF05}.Debug|Any CPU.ActiveCfg = Debug|Any CPU
		{DDB1E28D-0B74-469E-ACE7-3D0040FFBF05}.Debug|Any CPU.Build.0 = Debug|Any CPU
		{DDB1E28D-0B74-469E-ACE7-3D0040FFBF05}.Release|Any CPU.ActiveCfg = Release|Any CPU
		{DDB1E28D-0B74-469E-ACE7-3D0040FFBF05}.Release|Any CPU.Build.0 = Release|Any CPU
		{595F7E5D-9D8C-4138-84DC-C292E85C5133}.Debug|Any CPU.ActiveCfg = Debug|Any CPU
		{595F7E5D-9D8C-4138-84DC-C292E85C5133}.Debug|Any CPU.Build.0 = Debug|Any CPU
		{595F7E5D-9D8C-4138-84DC-C292E85C5133}.Release|Any CPU.ActiveCfg = Release|Any CPU
		{595F7E5D-9D8C-4138-84DC-C292E85C5133}.Release|Any CPU.Build.0 = Release|Any CPU
		{8D24C411-525D-4B31-8FFC-893DB53902B6}.Debug|Any CPU.ActiveCfg = Debug|Any CPU
		{8D24C411-525D-4B31-8FFC-893DB53902B6}.Debug|Any CPU.Build.0 = Debug|Any CPU
		{8D24C411-525D-4B31-8FFC-893DB53902B6}.Release|Any CPU.ActiveCfg = Release|Any CPU
		{8D24C411-525D-4B31-8FFC-893DB53902B6}.Release|Any CPU.Build.0 = Release|Any CPU
		{B06D7D26-D919-42CB-BD54-C9517DA57C4C}.Debug|Any CPU.ActiveCfg = Debug|Any CPU
		{B06D7D26-D919-42CB-BD54-C9517DA57C4C}.Debug|Any CPU.Build.0 = Debug|Any CPU
		{B06D7D26-D919-42CB-BD54-C9517DA57C4C}.Release|Any CPU.ActiveCfg = Release|Any CPU
		{B06D7D26-D919-42CB-BD54-C9517DA57C4C}.Release|Any CPU.Build.0 = Release|Any CPU
	EndGlobalSection
	GlobalSection(SolutionProperties) = preSolution
		HideSolutionNode = FALSE
	EndGlobalSection
	GlobalSection(ExtensibilityGlobals) = postSolution
		SolutionGuid = {2247F20C-43E4-4D63-8394-1A12FB71A5B6}
	EndGlobalSection
EndGlobal
